
Microsoft Visual Studio Solution File, Format Version 12.00
# Visual Studio Version 17
VisualStudioVersion = 17.14.36429.23 d17.14
MinimumVisualStudioVersion = 10.0.40219.1
Project("{FAE04EC0-301F-11D3-BF4B-00C04F79EFBC}") = "zaverecny_projekt_tuner", "zaverecny_projekt_tuner\zaverecny_projekt_tuner.csproj", "{0038AF8B-87CE-4E4C-AE5D-C25D7E65E9AB}"
EndProject
Global
	GlobalSection(SolutionConfigurationPlatforms) = preSolution
		Debug|Any CPU = Debug|Any CPU
		Release|Any CPU = Release|Any CPU
	EndGlobalSection
	GlobalSection(ProjectConfigurationPlatforms) = postSolution
		{0038AF8B-87CE-4E4C-AE5D-C25D7E65E9AB}.Debug|Any CPU.ActiveCfg = Debug|Any CPU
		{0038AF8B-87CE-4E4C-AE5D-C25D7E65E9AB}.Debug|Any CPU.Build.0 = Debug|Any CPU
		{0038AF8B-87CE-4E4C-AE5D-C25D7E65E9AB}.Release|Any CPU.ActiveCfg = Release|Any CPU
		{0038AF8B-87CE-4E4C-AE5D-C25D7E65E9AB}.Release|Any CPU.Build.0 = Release|Any CPU
	EndGlobalSection
	GlobalSection(SolutionProperties) = preSolution
		HideSolutionNode = FALSE
	EndGlobalSection
	GlobalSection(ExtensibilityGlobals) = postSolution
		SolutionGuid = {A7D23B0B-8B71-431E-8160-0DF057506731}
	EndGlobalSection
EndGlobal
